
Microsoft Visual Studio Solution File, Format Version 12.00
# Visual Studio Version 16
VisualStudioVersion = 16.0.29806.167
MinimumVisualStudioVersion = 10.0.40219.1
Project("{9A19103F-16F7-4668-BE54-9A1E7A4F7556}") = "Web", "Web\Web.csproj", "{CC2B27F8-9307-4D3E-95B2-96F661B55A6E}"
EndProject
Project("{E53339B2-1760-4266-BCC7-CA923CBCF16C}") = "docker-compose", "docker-compose.dcproj", "{9F87BAB0-6B8C-4BA6-9AB7-4BA25C15F52D}"
EndProject
Global
	GlobalSection(SolutionConfigurationPlatforms) = preSolution
		Debug|Any CPU = Debug|Any CPU
		Release|Any CPU = Release|Any CPU
	EndGlobalSection
	GlobalSection(ProjectConfigurationPlatforms) = postSolution
		{CC2B27F8-9307-4D3E-95B2-96F661B55A6E}.Debug|Any CPU.ActiveCfg = Debug|Any CPU
		{CC2B27F8-9307-4D3E-95B2-96F661B55A6E}.Debug|Any CPU.Build.0 = Debug|Any CPU
		{CC2B27F8-9307-4D3E-95B2-96F661B55A6E}.Release|Any CPU.ActiveCfg = Release|Any CPU
		{CC2B27F8-9307-4D3E-95B2-96F661B55A6E}.Release|Any CPU.Build.0 = Release|Any CPU
		{9F87BAB0-6B8C-4BA6-9AB7-4BA25C15F52D}.Debug|Any CPU.ActiveCfg = Debug|Any CPU
		{9F87BAB0-6B8C-4BA6-9AB7-4BA25C15F52D}.Debug|Any CPU.Build.0 = Debug|Any CPU
		{9F87BAB0-6B8C-4BA6-9AB7-4BA25C15F52D}.Release|Any CPU.ActiveCfg = Release|Any CPU
		{9F87BAB0-6B8C-4BA6-9AB7-4BA25C15F52D}.Release|Any CPU.Build.0 = Release|Any CPU
	EndGlobalSection
	GlobalSection(SolutionProperties) = preSolution
		HideSolutionNode = FALSE
	EndGlobalSection
	GlobalSection(ExtensibilityGlobals) = postSolution
		SolutionGuid = {7F832776-EC67-43B3-8160-6EDC518C3918}
	EndGlobalSection
EndGlobal
